
Microsoft Visual Studio Solution File, Format Version 12.00
# Visual Studio Version 17
VisualStudioVersion = 17.1.32210.238
MinimumVisualStudioVersion = 10.0.40219.1
Project("{2150E333-8FDC-42A3-9474-1A3956D46DE8}") = "Source", "Source", "{2133B821-376E-4EC8-B7D9-3EA29DA854EC}"
EndProject
Project("{9A19103F-16F7-4668-BE54-9A1E7A4F7556}") = "Kamishibai", "Source\Kamishibai\Kamishibai.csproj", "{2C5DEDEA-5135-4221-B0B9-36401F695130}"
EndProject
Project("{9A19103F-16F7-4668-BE54-9A1E7A4F7556}") = "Kamishibai.CodeAnalysis", "Source\Kamishibai.CodeAnalysis\Kamishibai.CodeAnalysis.csproj", "{525BE5ED-EE93-4F24-AA3B-91F26CC74707}"
EndProject
Project("{9A19103F-16F7-4668-BE54-9A1E7A4F7556}") = "Kamishibai.View", "Source\Kamishibai.View\Kamishibai.View.csproj", "{1070FD63-39F5-424E-AE87-30285C3ACEDD}"
EndProject
Project("{2150E333-8FDC-42A3-9474-1A3956D46DE8}") = "Sample", "Sample", "{60F6A13E-E403-4310-9339-34EEA5E6368D}"
EndProject
Project("{2150E333-8FDC-42A3-9474-1A3956D46DE8}") = "KamishibaiApp", "KamishibaiApp", "{0427365D-C0CC-41F2-ACCC-947CEC1FDD8C}"
EndProject
Project("{9A19103F-16F7-4668-BE54-9A1E7A4F7556}") = "KamishibaiApp", "Sample\KamishibaiApp\KamishibaiApp\KamishibaiApp.csproj", "{1CA94A2A-67BF-463B-AD7A-3F39BE86C9D0}"
EndProject
Project("{9A19103F-16F7-4668-BE54-9A1E7A4F7556}") = "KamishibaiApp.Repository", "Sample\KamishibaiApp\KamishibaiApp.Repository\KamishibaiApp.Repository.csproj", "{CFB3C1C1-178C-440D-A3C1-4C0E9A431462}"
EndProject
Project("{9A19103F-16F7-4668-BE54-9A1E7A4F7556}") = "KamishibaiApp.View", "Sample\KamishibaiApp\KamishibaiApp.View\KamishibaiApp.View.csproj", "{8B226B54-4647-478D-BE8F-4DB489742A3E}"
EndProject
Project("{9A19103F-16F7-4668-BE54-9A1E7A4F7556}") = "KamishibaiApp.ViewModel", "Sample\KamishibaiApp\KamishibaiApp.ViewModel\KamishibaiApp.ViewModel.csproj", "{6B5FAEEE-6591-4C28-AF09-D073796F9FB0}"
EndProject
Project("{2150E333-8FDC-42A3-9474-1A3956D46DE8}") = "SampleBrowser", "SampleBrowser", "{11B04DF8-B979-4332-A34C-B485FB80CC7A}"
EndProject
Project("{9A19103F-16F7-4668-BE54-9A1E7A4F7556}") = "SampleBrowser.View", "Sample\SampleBrowser\SampleBrowser.View\SampleBrowser.View.csproj", "{CC5B2C9D-C98E-4C09-AD6F-EDFA889D8FBC}"
EndProject
Project("{9A19103F-16F7-4668-BE54-9A1E7A4F7556}") = "SampleBrowser.ViewModel", "Sample\SampleBrowser\SampleBrowser.ViewModel\SampleBrowser.ViewModel.csproj", "{7C981C5F-9559-4A36-BEF1-87794FF66053}"
EndProject
Project("{9A19103F-16F7-4668-BE54-9A1E7A4F7556}") = "GettingStarted", "Sample\GettingStarted\GettingStarted\GettingStarted.csproj", "{E839C890-569D-47D3-9849-A706F9042C78}"
EndProject
Project("{2150E333-8FDC-42A3-9474-1A3956D46DE8}") = "GettingStarted", "GettingStarted", "{49DD3481-35CE-4614-AAFE-1228E4D67A06}"
EndProject
Project("{2150E333-8FDC-42A3-9474-1A3956D46DE8}") = "Kamishibai.IntegrationTest", "Kamishibai.IntegrationTest", "{1B44F0F7-92EB-4744-BDD0-6E66C2F9D0FF}"
EndProject
Project("{9A19103F-16F7-4668-BE54-9A1E7A4F7556}") = "Kamishibai.CodeAnalysis.Test", "Source\Kamishibai.CodeAnalysis.Test\Kamishibai.CodeAnalysis.Test.csproj", "{DED328EE-652F-40C4-82F0-FA13CFA06C92}"
EndProject
Project("{2150E333-8FDC-42A3-9474-1A3956D46DE8}") = "Solution Items", "Solution Items", "{DD293824-BBA2-405C-8770-8BC60EB3AD2E}"
	ProjectSection(SolutionItems) = preProject
		Directory.Build.props = Directory.Build.props
	EndProjectSection
EndProject
Project("{9A19103F-16F7-4668-BE54-9A1E7A4F7556}") = "KamishibaiApp.Hosting", "Sample\KamishibaiApp\KamishibaiApp.Hosting\KamishibaiApp.Hosting.csproj", "{76952590-7740-460B-B37D-D79D1192FCDE}"
EndProject
Project("{9A19103F-16F7-4668-BE54-9A1E7A4F7556}") = "SampleBrowser.Hosting", "Sample\SampleBrowser\SampleBrowser.Hosting\SampleBrowser.Hosting.csproj", "{613579C6-E7D7-4716-9D2D-8ACB4A80203D}"
EndProject
Project("{9A19103F-16F7-4668-BE54-9A1E7A4F7556}") = "Kamishibai.Hosting", "Source\Kamishibai.Hosting\Kamishibai.Hosting.csproj", "{6FE1D140-F9B7-4288-B66A-DA8B25D1C08A}"
EndProject
Project("{9A19103F-16F7-4668-BE54-9A1E7A4F7556}") = "Driver", "Source\Kamishibai.IntegrationTest\Driver\Driver.csproj", "{61899167-9630-4894-9654-DC6584C8D895}"
EndProject
Project("{9A19103F-16F7-4668-BE54-9A1E7A4F7556}") = "Driver.InTarget", "Source\Kamishibai.IntegrationTest\Driver.InTarget\Driver.InTarget.csproj", "{0293D24E-D99E-4D7A-8438-2522C39141C5}"
EndProject
Project("{9A19103F-16F7-4668-BE54-9A1E7A4F7556}") = "Scenario", "Source\Kamishibai.IntegrationTest\Scenario\Scenario.csproj", "{0260C50F-E3D2-4D87-AE79-B574F1598944}"
EndProject
Project("{9A19103F-16F7-4668-BE54-9A1E7A4F7556}") = "Kamishibai.View.Test", "Source\Kamishibai.View.Test\Kamishibai.View.Test.csproj", "{65D5C708-EA3B-4286-8B94-C1A9B081966C}"
EndProject
Global
	GlobalSection(SolutionConfigurationPlatforms) = preSolution
		Debug|Any CPU = Debug|Any CPU
		Release|Any CPU = Release|Any CPU
	EndGlobalSection
	GlobalSection(ProjectConfigurationPlatforms) = postSolution
		{2C5DEDEA-5135-4221-B0B9-36401F695130}.Debug|Any CPU.ActiveCfg = Debug|Any CPU
		{2C5DEDEA-5135-4221-B0B9-36401F695130}.Debug|Any CPU.Build.0 = Debug|Any CPU
		{2C5DEDEA-5135-4221-B0B9-36401F695130}.Release|Any CPU.ActiveCfg = Release|Any CPU
		{2C5DEDEA-5135-4221-B0B9-36401F695130}.Release|Any CPU.Build.0 = Release|Any CPU
		{525BE5ED-EE93-4F24-AA3B-91F26CC74707}.Debug|Any CPU.ActiveCfg = Debug|Any CPU
		{525BE5ED-EE93-4F24-AA3B-91F26CC74707}.Debug|Any CPU.Build.0 = Debug|Any CPU
		{525BE5ED-EE93-4F24-AA3B-91F26CC74707}.Release|Any CPU.ActiveCfg = Release|Any CPU
		{525BE5ED-EE93-4F24-AA3B-91F26CC74707}.Release|Any CPU.Build.0 = Release|Any CPU
		{1070FD63-39F5-424E-AE87-30285C3ACEDD}.Debug|Any CPU.ActiveCfg = Debug|Any CPU
		{1070FD63-39F5-424E-AE87-30285C3ACEDD}.Debug|Any CPU.Build.0 = Debug|Any CPU
		{1070FD63-39F5-424E-AE87-30285C3ACEDD}.Release|Any CPU.ActiveCfg = Release|Any CPU
		{1070FD63-39F5-424E-AE87-30285C3ACEDD}.Release|Any CPU.Build.0 = Release|Any CPU
		{1CA94A2A-67BF-463B-AD7A-3F39BE86C9D0}.Debug|Any CPU.ActiveCfg = Debug|Any CPU
		{1CA94A2A-67BF-463B-AD7A-3F39BE86C9D0}.Debug|Any CPU.Build.0 = Debug|Any CPU
		{1CA94A2A-67BF-463B-AD7A-3F39BE86C9D0}.Release|Any CPU.ActiveCfg = Release|Any CPU
		{1CA94A2A-67BF-463B-AD7A-3F39BE86C9D0}.Release|Any CPU.Build.0 = Release|Any CPU
		{CFB3C1C1-178C-440D-A3C1-4C0E9A431462}.Debug|Any CPU.ActiveCfg = Debug|Any CPU
		{CFB3C1C1-178C-440D-A3C1-4C0E9A431462}.Debug|Any CPU.Build.0 = Debug|Any CPU
		{CFB3C1C1-178C-440D-A3C1-4C0E9A431462}.Release|Any CPU.ActiveCfg = Release|Any CPU
		{CFB3C1C1-178C-440D-A3C1-4C0E9A431462}.Release|Any CPU.Build.0 = Release|Any CPU
		{8B226B54-4647-478D-BE8F-4DB489742A3E}.Debug|Any CPU.ActiveCfg = Debug|Any CPU
		{8B226B54-4647-478D-BE8F-4DB489742A3E}.Debug|Any CPU.Build.0 = Debug|Any CPU
		{8B226B54-4647-478D-BE8F-4DB489742A3E}.Release|Any CPU.ActiveCfg = Release|Any CPU
		{8B226B54-4647-478D-BE8F-4DB489742A3E}.Release|Any CPU.Build.0 = Release|Any CPU
		{6B5FAEEE-6591-4C28-AF09-D073796F9FB0}.Debug|Any CPU.ActiveCfg = Debug|Any CPU
		{6B5FAEEE-6591-4C28-AF09-D073796F9FB0}.Debug|Any CPU.Build.0 = Debug|Any CPU
		{6B5FAEEE-6591-4C28-AF09-D073796F9FB0}.Release|Any CPU.ActiveCfg = Release|Any CPU
		{6B5FAEEE-6591-4C28-AF09-D073796F9FB0}.Release|Any CPU.Build.0 = Release|Any CPU
		{CC5B2C9D-C98E-4C09-AD6F-EDFA889D8FBC}.Debug|Any CPU.ActiveCfg = Debug|Any CPU
		{CC5B2C9D-C98E-4C09-AD6F-EDFA889D8FBC}.Debug|Any CPU.Build.0 = Debug|Any CPU
		{CC5B2C9D-C98E-4C09-AD6F-EDFA889D8FBC}.Release|Any CPU.ActiveCfg = Release|Any CPU
		{CC5B2C9D-C98E-4C09-AD6F-EDFA889D8FBC}.Release|Any CPU.Build.0 = Release|Any CPU
		{7C981C5F-9559-4A36-BEF1-87794FF66053}.Debug|Any CPU.ActiveCfg = Debug|Any CPU
		{7C981C5F-9559-4A36-BEF1-87794FF66053}.Debug|Any CPU.Build.0 = Debug|Any CPU
		{7C981C5F-9559-4A36-BEF1-87794FF66053}.Release|Any CPU.ActiveCfg = Release|Any CPU
		{7C981C5F-9559-4A36-BEF1-87794FF66053}.Release|Any CPU.Build.0 = Release|Any CPU
		{E839C890-569D-47D3-9849-A706F9042C78}.Debug|Any CPU.ActiveCfg = Debug|Any CPU
		{E839C890-569D-47D3-9849-A706F9042C78}.Debug|Any CPU.Build.0 = Debug|Any CPU
		{E839C890-569D-47D3-9849-A706F9042C78}.Release|Any CPU.ActiveCfg = Release|Any CPU
		{E839C890-569D-47D3-9849-A706F9042C78}.Release|Any CPU.Build.0 = Release|Any CPU
		{DED328EE-652F-40C4-82F0-FA13CFA06C92}.Debug|Any CPU.ActiveCfg = Debug|Any CPU
		{DED328EE-652F-40C4-82F0-FA13CFA06C92}.Debug|Any CPU.Build.0 = Debug|Any CPU
		{DED328EE-652F-40C4-82F0-FA13CFA06C92}.Release|Any CPU.ActiveCfg = Release|Any CPU
		{DED328EE-652F-40C4-82F0-FA13CFA06C92}.Release|Any CPU.Build.0 = Release|Any CPU
		{76952590-7740-460B-B37D-D79D1192FCDE}.Debug|Any CPU.ActiveCfg = Debug|Any CPU
		{76952590-7740-460B-B37D-D79D1192FCDE}.Debug|Any CPU.Build.0 = Debug|Any CPU
		{76952590-7740-460B-B37D-D79D1192FCDE}.Release|Any CPU.ActiveCfg = Release|Any CPU
		{76952590-7740-460B-B37D-D79D1192FCDE}.Release|Any CPU.Build.0 = Release|Any CPU
		{613579C6-E7D7-4716-9D2D-8ACB4A80203D}.Debug|Any CPU.ActiveCfg = Debug|Any CPU
		{613579C6-E7D7-4716-9D2D-8ACB4A80203D}.Debug|Any CPU.Build.0 = Debug|Any CPU
		{613579C6-E7D7-4716-9D2D-8ACB4A80203D}.Release|Any CPU.ActiveCfg = Release|Any CPU
		{613579C6-E7D7-4716-9D2D-8ACB4A80203D}.Release|Any CPU.Build.0 = Release|Any CPU
		{6FE1D140-F9B7-4288-B66A-DA8B25D1C08A}.Debug|Any CPU.ActiveCfg = Debug|Any CPU
		{6FE1D140-F9B7-4288-B66A-DA8B25D1C08A}.Debug|Any CPU.Build.0 = Debug|Any CPU
		{6FE1D140-F9B7-4288-B66A-DA8B25D1C08A}.Release|Any CPU.ActiveCfg = Release|Any CPU
		{6FE1D140-F9B7-4288-B66A-DA8B25D1C08A}.Release|Any CPU.Build.0 = Release|Any CPU
		{61899167-9630-4894-9654-DC6584C8D895}.Debug|Any CPU.ActiveCfg = Debug|Any CPU
		{61899167-9630-4894-9654-DC6584C8D895}.Debug|Any CPU.Build.0 = Debug|Any CPU
		{61899167-9630-4894-9654-DC6584C8D895}.Release|Any CPU.ActiveCfg = Release|Any CPU
		{61899167-9630-4894-9654-DC6584C8D895}.Release|Any CPU.Build.0 = Release|Any CPU
		{0293D24E-D99E-4D7A-8438-2522C39141C5}.Debug|Any CPU.ActiveCfg = Debug|Any CPU
		{0293D24E-D99E-4D7A-8438-2522C39141C5}.Debug|Any CPU.Build.0 = Debug|Any CPU
		{0293D24E-D99E-4D7A-8438-2522C39141C5}.Release|Any CPU.ActiveCfg = Release|Any CPU
		{0293D24E-D99E-4D7A-8438-2522C39141C5}.Release|Any CPU.Build.0 = Release|Any CPU
		{0260C50F-E3D2-4D87-AE79-B574F1598944}.Debug|Any CPU.ActiveCfg = Debug|Any CPU
		{0260C50F-E3D2-4D87-AE79-B574F1598944}.Debug|Any CPU.Build.0 = Debug|Any CPU
		{0260C50F-E3D2-4D87-AE79-B574F1598944}.Release|Any CPU.ActiveCfg = Release|Any CPU
		{0260C50F-E3D2-4D87-AE79-B574F1598944}.Release|Any CPU.Build.0 = Release|Any CPU
		{65D5C708-EA3B-4286-8B94-C1A9B081966C}.Debug|Any CPU.ActiveCfg = Debug|Any CPU
		{65D5C708-EA3B-4286-8B94-C1A9B081966C}.Debug|Any CPU.Build.0 = Debug|Any CPU
		{65D5C708-EA3B-4286-8B94-C1A9B081966C}.Release|Any CPU.ActiveCfg = Release|Any CPU
		{65D5C708-EA3B-4286-8B94-C1A9B081966C}.Release|Any CPU.Build.0 = Release|Any CPU
	EndGlobalSection
	GlobalSection(SolutionProperties) = preSolution
		HideSolutionNode = FALSE
	EndGlobalSection
	GlobalSection(NestedProjects) = preSolution
		{2C5DEDEA-5135-4221-B0B9-36401F695130} = {2133B821-376E-4EC8-B7D9-3EA29DA854EC}
		{525BE5ED-EE93-4F24-AA3B-91F26CC74707} = {2133B821-376E-4EC8-B7D9-3EA29DA854EC}
		{1070FD63-39F5-424E-AE87-30285C3ACEDD} = {2133B821-376E-4EC8-B7D9-3EA29DA854EC}
		{0427365D-C0CC-41F2-ACCC-947CEC1FDD8C} = {60F6A13E-E403-4310-9339-34EEA5E6368D}
		{1CA94A2A-67BF-463B-AD7A-3F39BE86C9D0} = {0427365D-C0CC-41F2-ACCC-947CEC1FDD8C}
		{CFB3C1C1-178C-440D-A3C1-4C0E9A431462} = {0427365D-C0CC-41F2-ACCC-947CEC1FDD8C}
		{8B226B54-4647-478D-BE8F-4DB489742A3E} = {0427365D-C0CC-41F2-ACCC-947CEC1FDD8C}
		{6B5FAEEE-6591-4C28-AF09-D073796F9FB0} = {0427365D-C0CC-41F2-ACCC-947CEC1FDD8C}
		{11B04DF8-B979-4332-A34C-B485FB80CC7A} = {60F6A13E-E403-4310-9339-34EEA5E6368D}
		{CC5B2C9D-C98E-4C09-AD6F-EDFA889D8FBC} = {11B04DF8-B979-4332-A34C-B485FB80CC7A}
		{7C981C5F-9559-4A36-BEF1-87794FF66053} = {11B04DF8-B979-4332-A34C-B485FB80CC7A}
		{E839C890-569D-47D3-9849-A706F9042C78} = {49DD3481-35CE-4614-AAFE-1228E4D67A06}
		{49DD3481-35CE-4614-AAFE-1228E4D67A06} = {60F6A13E-E403-4310-9339-34EEA5E6368D}
		{1B44F0F7-92EB-4744-BDD0-6E66C2F9D0FF} = {2133B821-376E-4EC8-B7D9-3EA29DA854EC}
		{DED328EE-652F-40C4-82F0-FA13CFA06C92} = {2133B821-376E-4EC8-B7D9-3EA29DA854EC}
		{76952590-7740-460B-B37D-D79D1192FCDE} = {0427365D-C0CC-41F2-ACCC-947CEC1FDD8C}
		{613579C6-E7D7-4716-9D2D-8ACB4A80203D} = {11B04DF8-B979-4332-A34C-B485FB80CC7A}
		{6FE1D140-F9B7-4288-B66A-DA8B25D1C08A} = {2133B821-376E-4EC8-B7D9-3EA29DA854EC}
		{61899167-9630-4894-9654-DC6584C8D895} = {1B44F0F7-92EB-4744-BDD0-6E66C2F9D0FF}
		{0293D24E-D99E-4D7A-8438-2522C39141C5} = {1B44F0F7-92EB-4744-BDD0-6E66C2F9D0FF}
		{0260C50F-E3D2-4D87-AE79-B574F1598944} = {1B44F0F7-92EB-4744-BDD0-6E66C2F9D0FF}
		{65D5C708-EA3B-4286-8B94-C1A9B081966C} = {2133B821-376E-4EC8-B7D9-3EA29DA854EC}
	EndGlobalSection
	GlobalSection(ExtensibilityGlobals) = postSolution
		SolutionGuid = {3C276323-7E28-4228-85F8-925F9C3B6FEE}
	EndGlobalSection
EndGlobal
