
Microsoft Visual Studio Solution File, Format Version 12.00
# Visual Studio 15
VisualStudioVersion = 15.0.26430.15
MinimumVisualStudioVersion = 10.0.40219.1
Project("{FAE04EC0-301F-11D3-BF4B-00C04F79EFBC}") = "Kamishibai.Xamarin.Forms", "Kamishibai.Xamarin.Forms\Kamishibai.Xamarin.Forms.csproj", "{97C59475-D218-4D51-85FB-3A342B60BDFA}"
EndProject
Project("{FAE04EC0-301F-11D3-BF4B-00C04F79EFBC}") = "Kamishibai.Xamarin.Forms.Tests", "Kamishibai.Xamarin.Forms.Tests\Kamishibai.Xamarin.Forms.Tests.csproj", "{650017AA-74C1-43FA-AD62-165489D68536}"
EndProject
Global
	GlobalSection(SolutionConfigurationPlatforms) = preSolution
		Debug|Any CPU = Debug|Any CPU
		Release|Any CPU = Release|Any CPU
	EndGlobalSection
	GlobalSection(ProjectConfigurationPlatforms) = postSolution
		{97C59475-D218-4D51-85FB-3A342B60BDFA}.Debug|Any CPU.ActiveCfg = Debug|Any CPU
		{97C59475-D218-4D51-85FB-3A342B60BDFA}.Debug|Any CPU.Build.0 = Debug|Any CPU
		{97C59475-D218-4D51-85FB-3A342B60BDFA}.Release|Any CPU.ActiveCfg = Release|Any CPU
		{97C59475-D218-4D51-85FB-3A342B60BDFA}.Release|Any CPU.Build.0 = Release|Any CPU
		{650017AA-74C1-43FA-AD62-165489D68536}.Debug|Any CPU.ActiveCfg = Debug|Any CPU
		{650017AA-74C1-43FA-AD62-165489D68536}.Debug|Any CPU.Build.0 = Debug|Any CPU
		{650017AA-74C1-43FA-AD62-165489D68536}.Release|Any CPU.ActiveCfg = Release|Any CPU
		{650017AA-74C1-43FA-AD62-165489D68536}.Release|Any CPU.Build.0 = Release|Any CPU
	EndGlobalSection
	GlobalSection(SolutionProperties) = preSolution
		HideSolutionNode = FALSE
	EndGlobalSection
EndGlobal
