
Microsoft Visual Studio Solution File, Format Version 12.00
# Visual Studio Version 17
VisualStudioVersion = 17.0.32014.148
MinimumVisualStudioVersion = 10.0.40219.1
Project("{9A19103F-16F7-4668-BE54-9A1E7A4F7556}") = "Kamishibai.Wpf.View", "Kamishibai.Wpf.View\Kamishibai.Wpf.View.csproj", "{CD8E10EE-B5FB-416A-A890-75E9B49B2E1B}"
EndProject
Project("{9A19103F-16F7-4668-BE54-9A1E7A4F7556}") = "Kamishibai.Wpf.Extensions.Hosting", "Kamishibai.Wpf.Extensions.Hosting\Kamishibai.Wpf.Extensions.Hosting.csproj", "{1932317C-23E0-4CCF-A09B-3CB95BBC6961}"
EndProject
Project("{9A19103F-16F7-4668-BE54-9A1E7A4F7556}") = "Kamishibai.Wpf.Demo.View", "Kamishibai.Wpf.Demo.View\Kamishibai.Wpf.Demo.View.csproj", "{A051B6A4-F6D3-4910-9459-36C873EBB228}"
EndProject
Project("{9A19103F-16F7-4668-BE54-9A1E7A4F7556}") = "Kamishibai.Wpf.Demo.ViewModel", "Kamishibai.Wpf.Demo.ViewModel\Kamishibai.Wpf.Demo.ViewModel.csproj", "{6541DC32-702E-45D7-8913-9F42C6D21D86}"
EndProject
Project("{9A19103F-16F7-4668-BE54-9A1E7A4F7556}") = "Kamishibai.Wpf.Demo.App", "Kamishibai.Wpf.Demo.App\Kamishibai.Wpf.Demo.App.csproj", "{7B785701-6893-4BA3-8457-39DD34177843}"
EndProject
Project("{9A19103F-16F7-4668-BE54-9A1E7A4F7556}") = "Kamishibai.Wpf", "Kamishibai.Wpf\Kamishibai.Wpf.csproj", "{D2E450A4-C102-4405-95C1-94ABE394A712}"
EndProject
Project("{9A19103F-16F7-4668-BE54-9A1E7A4F7556}") = "Kamishibai.Wpf.CodeAnalysis", "Kamishibai.Wpf.CodeAnalysis\Kamishibai.Wpf.CodeAnalysis.csproj", "{EA630B1F-7A3D-4870-B938-AF3FCBAAF8D5}"
EndProject
Project("{9A19103F-16F7-4668-BE54-9A1E7A4F7556}") = "Kamishibai.Wpf.Demo", "Kamishibai.Wpf.Demo\Kamishibai.Wpf.Demo.csproj", "{81AFCD90-7744-43EB-A618-E675605A5D9D}"
EndProject
Project("{9A19103F-16F7-4668-BE54-9A1E7A4F7556}") = "Kamishibai.Wpf.Demo.Repository", "Kamishibai.Wpf.Demo.Repository\Kamishibai.Wpf.Demo.Repository.csproj", "{D0791782-A631-4550-A96A-1C54EC592FC5}"
EndProject
Project("{2150E333-8FDC-42A3-9474-1A3956D46DE8}") = "KamishibaiApp", "KamishibaiApp", "{2986C37E-E4E8-4132-BA08-B74254C004FF}"
EndProject
Project("{9A19103F-16F7-4668-BE54-9A1E7A4F7556}") = "KamishibaiApp.App", "KamishibaiApp.App\KamishibaiApp.App.csproj", "{D01428E2-FF85-4A1E-B854-E1CFC0A8F632}"
EndProject
Project("{FAE04EC0-301F-11D3-BF4B-00C04F79EFBC}") = "KamishibaiApp.View", "KamishibaiApp.View\KamishibaiApp.View.csproj", "{D4966F09-2485-4F3A-A229-F66ABA02E5A9}"
EndProject
Project("{FAE04EC0-301F-11D3-BF4B-00C04F79EFBC}") = "KamishibaiApp", "KamishibaiApp\KamishibaiApp.csproj", "{215AED3C-2B1B-41D4-B4D4-EF9A229983E1}"
EndProject
Global
	GlobalSection(SolutionConfigurationPlatforms) = preSolution
		Debug|Any CPU = Debug|Any CPU
		Release|Any CPU = Release|Any CPU
	EndGlobalSection
	GlobalSection(ProjectConfigurationPlatforms) = postSolution
		{CD8E10EE-B5FB-416A-A890-75E9B49B2E1B}.Debug|Any CPU.ActiveCfg = Debug|Any CPU
		{CD8E10EE-B5FB-416A-A890-75E9B49B2E1B}.Debug|Any CPU.Build.0 = Debug|Any CPU
		{CD8E10EE-B5FB-416A-A890-75E9B49B2E1B}.Release|Any CPU.ActiveCfg = Release|Any CPU
		{CD8E10EE-B5FB-416A-A890-75E9B49B2E1B}.Release|Any CPU.Build.0 = Release|Any CPU
		{1932317C-23E0-4CCF-A09B-3CB95BBC6961}.Debug|Any CPU.ActiveCfg = Debug|Any CPU
		{1932317C-23E0-4CCF-A09B-3CB95BBC6961}.Debug|Any CPU.Build.0 = Debug|Any CPU
		{1932317C-23E0-4CCF-A09B-3CB95BBC6961}.Release|Any CPU.ActiveCfg = Release|Any CPU
		{1932317C-23E0-4CCF-A09B-3CB95BBC6961}.Release|Any CPU.Build.0 = Release|Any CPU
		{A051B6A4-F6D3-4910-9459-36C873EBB228}.Debug|Any CPU.ActiveCfg = Debug|Any CPU
		{A051B6A4-F6D3-4910-9459-36C873EBB228}.Debug|Any CPU.Build.0 = Debug|Any CPU
		{A051B6A4-F6D3-4910-9459-36C873EBB228}.Release|Any CPU.ActiveCfg = Release|Any CPU
		{A051B6A4-F6D3-4910-9459-36C873EBB228}.Release|Any CPU.Build.0 = Release|Any CPU
		{6541DC32-702E-45D7-8913-9F42C6D21D86}.Debug|Any CPU.ActiveCfg = Debug|Any CPU
		{6541DC32-702E-45D7-8913-9F42C6D21D86}.Debug|Any CPU.Build.0 = Debug|Any CPU
		{6541DC32-702E-45D7-8913-9F42C6D21D86}.Release|Any CPU.ActiveCfg = Release|Any CPU
		{6541DC32-702E-45D7-8913-9F42C6D21D86}.Release|Any CPU.Build.0 = Release|Any CPU
		{7B785701-6893-4BA3-8457-39DD34177843}.Debug|Any CPU.ActiveCfg = Debug|Any CPU
		{7B785701-6893-4BA3-8457-39DD34177843}.Debug|Any CPU.Build.0 = Debug|Any CPU
		{7B785701-6893-4BA3-8457-39DD34177843}.Release|Any CPU.ActiveCfg = Release|Any CPU
		{7B785701-6893-4BA3-8457-39DD34177843}.Release|Any CPU.Build.0 = Release|Any CPU
		{D2E450A4-C102-4405-95C1-94ABE394A712}.Debug|Any CPU.ActiveCfg = Debug|Any CPU
		{D2E450A4-C102-4405-95C1-94ABE394A712}.Debug|Any CPU.Build.0 = Debug|Any CPU
		{D2E450A4-C102-4405-95C1-94ABE394A712}.Release|Any CPU.ActiveCfg = Release|Any CPU
		{D2E450A4-C102-4405-95C1-94ABE394A712}.Release|Any CPU.Build.0 = Release|Any CPU
		{EA630B1F-7A3D-4870-B938-AF3FCBAAF8D5}.Debug|Any CPU.ActiveCfg = Debug|Any CPU
		{EA630B1F-7A3D-4870-B938-AF3FCBAAF8D5}.Debug|Any CPU.Build.0 = Debug|Any CPU
		{EA630B1F-7A3D-4870-B938-AF3FCBAAF8D5}.Release|Any CPU.ActiveCfg = Release|Any CPU
		{EA630B1F-7A3D-4870-B938-AF3FCBAAF8D5}.Release|Any CPU.Build.0 = Release|Any CPU
		{81AFCD90-7744-43EB-A618-E675605A5D9D}.Debug|Any CPU.ActiveCfg = Debug|Any CPU
		{81AFCD90-7744-43EB-A618-E675605A5D9D}.Debug|Any CPU.Build.0 = Debug|Any CPU
		{81AFCD90-7744-43EB-A618-E675605A5D9D}.Release|Any CPU.ActiveCfg = Release|Any CPU
		{81AFCD90-7744-43EB-A618-E675605A5D9D}.Release|Any CPU.Build.0 = Release|Any CPU
		{D0791782-A631-4550-A96A-1C54EC592FC5}.Debug|Any CPU.ActiveCfg = Debug|Any CPU
		{D0791782-A631-4550-A96A-1C54EC592FC5}.Debug|Any CPU.Build.0 = Debug|Any CPU
		{D0791782-A631-4550-A96A-1C54EC592FC5}.Release|Any CPU.ActiveCfg = Release|Any CPU
		{D0791782-A631-4550-A96A-1C54EC592FC5}.Release|Any CPU.Build.0 = Release|Any CPU
		{D01428E2-FF85-4A1E-B854-E1CFC0A8F632}.Debug|Any CPU.ActiveCfg = Debug|Any CPU
		{D01428E2-FF85-4A1E-B854-E1CFC0A8F632}.Debug|Any CPU.Build.0 = Debug|Any CPU
		{D01428E2-FF85-4A1E-B854-E1CFC0A8F632}.Release|Any CPU.ActiveCfg = Release|Any CPU
		{D01428E2-FF85-4A1E-B854-E1CFC0A8F632}.Release|Any CPU.Build.0 = Release|Any CPU
		{D4966F09-2485-4F3A-A229-F66ABA02E5A9}.Debug|Any CPU.ActiveCfg = Debug|Any CPU
		{D4966F09-2485-4F3A-A229-F66ABA02E5A9}.Debug|Any CPU.Build.0 = Debug|Any CPU
		{D4966F09-2485-4F3A-A229-F66ABA02E5A9}.Release|Any CPU.ActiveCfg = Release|Any CPU
		{D4966F09-2485-4F3A-A229-F66ABA02E5A9}.Release|Any CPU.Build.0 = Release|Any CPU
		{215AED3C-2B1B-41D4-B4D4-EF9A229983E1}.Debug|Any CPU.ActiveCfg = Debug|Any CPU
		{215AED3C-2B1B-41D4-B4D4-EF9A229983E1}.Debug|Any CPU.Build.0 = Debug|Any CPU
		{215AED3C-2B1B-41D4-B4D4-EF9A229983E1}.Release|Any CPU.ActiveCfg = Release|Any CPU
		{215AED3C-2B1B-41D4-B4D4-EF9A229983E1}.Release|Any CPU.Build.0 = Release|Any CPU
	EndGlobalSection
	GlobalSection(SolutionProperties) = preSolution
		HideSolutionNode = FALSE
	EndGlobalSection
	GlobalSection(NestedProjects) = preSolution
		{D01428E2-FF85-4A1E-B854-E1CFC0A8F632} = {2986C37E-E4E8-4132-BA08-B74254C004FF}
		{D4966F09-2485-4F3A-A229-F66ABA02E5A9} = {2986C37E-E4E8-4132-BA08-B74254C004FF}
		{215AED3C-2B1B-41D4-B4D4-EF9A229983E1} = {2986C37E-E4E8-4132-BA08-B74254C004FF}
	EndGlobalSection
	GlobalSection(ExtensibilityGlobals) = postSolution
		SolutionGuid = {0051E635-D04F-4694-A42E-3F7BDA9E52B3}
	EndGlobalSection
EndGlobal
